
Microsoft Visual Studio Solution File, Format Version 12.00
# Visual Studio 2012
Project("{FAE04EC0-301F-11D3-BF4B-00C04F79EFBC}") = "CudaRuler", "aCudaResearch\CudaRuler.csproj", "{BDD5DBA3-4C36-4A66-B63E-2E2D182FA508}"
EndProject
Project("{FAE04EC0-301F-11D3-BF4B-00C04F79EFBC}") = "CudaRuler.Tests", "aCudaResearch.Tests\CudaRuler.Tests.csproj", "{45DCD77E-3361-4939-ACFD-CEAE7EED840C}"
EndProject
Global
	GlobalSection(SolutionConfigurationPlatforms) = preSolution
		Debug|Any CPU = Debug|Any CPU
		Release|Any CPU = Release|Any CPU
	EndGlobalSection
	GlobalSection(ProjectConfigurationPlatforms) = postSolution
		{BDD5DBA3-4C36-4A66-B63E-2E2D182FA508}.Debug|Any CPU.ActiveCfg = Debug|Any CPU
		{BDD5DBA3-4C36-4A66-B63E-2E2D182FA508}.Debug|Any CPU.Build.0 = Debug|Any CPU
		{BDD5DBA3-4C36-4A66-B63E-2E2D182FA508}.Release|Any CPU.ActiveCfg = Release|Any CPU
		{BDD5DBA3-4C36-4A66-B63E-2E2D182FA508}.Release|Any CPU.Build.0 = Release|Any CPU
		{45DCD77E-3361-4939-ACFD-CEAE7EED840C}.Debug|Any CPU.ActiveCfg = Debug|Any CPU
		{45DCD77E-3361-4939-ACFD-CEAE7EED840C}.Debug|Any CPU.Build.0 = Debug|Any CPU
		{45DCD77E-3361-4939-ACFD-CEAE7EED840C}.Release|Any CPU.ActiveCfg = Release|Any CPU
		{45DCD77E-3361-4939-ACFD-CEAE7EED840C}.Release|Any CPU.Build.0 = Release|Any CPU
	EndGlobalSection
	GlobalSection(SolutionProperties) = preSolution
		HideSolutionNode = FALSE
	EndGlobalSection
EndGlobal
